
Microsoft Visual Studio Solution File, Format Version 12.00
# Visual Studio Version 16
VisualStudioVersion = 16.0.31911.196
MinimumVisualStudioVersion = 10.0.40219.1
Project("{FAE04EC0-301F-11D3-BF4B-00C04F79EFBC}") = "IrisNaiveBayes", "IrisNaiveBayes\IrisNaiveBayes.csproj", "{D17F38CD-44B7-4E28-BE6D-EDC684EDE1F5}"
EndProject
Global
	GlobalSection(SolutionConfigurationPlatforms) = preSolution
		Debug|Any CPU = Debug|Any CPU
		Release|Any CPU = Release|Any CPU
	EndGlobalSection
	GlobalSection(ProjectConfigurationPlatforms) = postSolution
		{D17F38CD-44B7-4E28-BE6D-EDC684EDE1F5}.Debug|Any CPU.ActiveCfg = Debug|Any CPU
		{D17F38CD-44B7-4E28-BE6D-EDC684EDE1F5}.Debug|Any CPU.Build.0 = Debug|Any CPU
		{D17F38CD-44B7-4E28-BE6D-EDC684EDE1F5}.Release|Any CPU.ActiveCfg = Release|Any CPU
		{D17F38CD-44B7-4E28-BE6D-EDC684EDE1F5}.Release|Any CPU.Build.0 = Release|Any CPU
	EndGlobalSection
	GlobalSection(SolutionProperties) = preSolution
		HideSolutionNode = FALSE
	EndGlobalSection
	GlobalSection(ExtensibilityGlobals) = postSolution
		SolutionGuid = {B2FCE61B-9803-4A9D-8246-1E6AD9FFA7F8}
	EndGlobalSection
EndGlobal
